
Microsoft Visual Studio Solution File, Format Version 12.00
# Visual Studio Version 16
VisualStudioVersion = 16.0.30413.136
MinimumVisualStudioVersion = 10.0.40219.1
Project("{FAE04EC0-301F-11D3-BF4B-00C04F79EFBC}") = "Rectangle4", "Rectangle4\Rectangle4.csproj", "{86420A9E-4AF9-49DB-A5B0-D3EAA8658E3C}"
EndProject
Global
	GlobalSection(SolutionConfigurationPlatforms) = preSolution
		Debug|Any CPU = Debug|Any CPU
		Release|Any CPU = Release|Any CPU
	EndGlobalSection
	GlobalSection(ProjectConfigurationPlatforms) = postSolution
		{86420A9E-4AF9-49DB-A5B0-D3EAA8658E3C}.Debug|Any CPU.ActiveCfg = Debug|Any CPU
		{86420A9E-4AF9-49DB-A5B0-D3EAA8658E3C}.Debug|Any CPU.Build.0 = Debug|Any CPU
		{86420A9E-4AF9-49DB-A5B0-D3EAA8658E3C}.Release|Any CPU.ActiveCfg = Release|Any CPU
		{86420A9E-4AF9-49DB-A5B0-D3EAA8658E3C}.Release|Any CPU.Build.0 = Release|Any CPU
	EndGlobalSection
	GlobalSection(SolutionProperties) = preSolution
		HideSolutionNode = FALSE
	EndGlobalSection
	GlobalSection(ExtensibilityGlobals) = postSolution
		SolutionGuid = {03B21BFE-FD75-44CA-866F-E14FE11DCC6B}
	EndGlobalSection
EndGlobal
